
Microsoft Visual Studio Solution File, Format Version 12.00
# Visual Studio 15
VisualStudioVersion = 15.0.27130.2036
MinimumVisualStudioVersion = 10.0.40219.1
Project("{FAE04EC0-301F-11D3-BF4B-00C04F79EFBC}") = "RayenSalud.WebLun.Api", "RayenSalud.WebLun.Api\RayenSalud.WebLun.Api.csproj", "{32E55F25-BC47-46A6-B5DA-EEA2FDFC85C0}"
EndProject
Project("{FAE04EC0-301F-11D3-BF4B-00C04F79EFBC}") = "RayenSalud.WebLun.Entidad", "RayenSalud.WebLun.Entidad\RayenSalud.WebLun.Entidad.csproj", "{3962E84B-170F-4A74-A3E7-814127C58A31}"
EndProject
Project("{FAE04EC0-301F-11D3-BF4B-00C04F79EFBC}") = "RayenSalud.WebLun.Negocio", "RayenSalud.WebLun.Negocio\RayenSalud.WebLun.Negocio.csproj", "{3B8B8D63-F690-4D36-9B9B-8DCA51B19893}"
EndProject
Global
	GlobalSection(SolutionConfigurationPlatforms) = preSolution
		Debug|Any CPU = Debug|Any CPU
		Release|Any CPU = Release|Any CPU
	EndGlobalSection
	GlobalSection(ProjectConfigurationPlatforms) = postSolution
		{32E55F25-BC47-46A6-B5DA-EEA2FDFC85C0}.Debug|Any CPU.ActiveCfg = Debug|Any CPU
		{32E55F25-BC47-46A6-B5DA-EEA2FDFC85C0}.Debug|Any CPU.Build.0 = Debug|Any CPU
		{32E55F25-BC47-46A6-B5DA-EEA2FDFC85C0}.Release|Any CPU.ActiveCfg = Release|Any CPU
		{32E55F25-BC47-46A6-B5DA-EEA2FDFC85C0}.Release|Any CPU.Build.0 = Release|Any CPU
		{3962E84B-170F-4A74-A3E7-814127C58A31}.Debug|Any CPU.ActiveCfg = Debug|Any CPU
		{3962E84B-170F-4A74-A3E7-814127C58A31}.Debug|Any CPU.Build.0 = Debug|Any CPU
		{3962E84B-170F-4A74-A3E7-814127C58A31}.Release|Any CPU.ActiveCfg = Release|Any CPU
		{3962E84B-170F-4A74-A3E7-814127C58A31}.Release|Any CPU.Build.0 = Release|Any CPU
		{3B8B8D63-F690-4D36-9B9B-8DCA51B19893}.Debug|Any CPU.ActiveCfg = Debug|Any CPU
		{3B8B8D63-F690-4D36-9B9B-8DCA51B19893}.Debug|Any CPU.Build.0 = Debug|Any CPU
		{3B8B8D63-F690-4D36-9B9B-8DCA51B19893}.Release|Any CPU.ActiveCfg = Release|Any CPU
		{3B8B8D63-F690-4D36-9B9B-8DCA51B19893}.Release|Any CPU.Build.0 = Release|Any CPU
	EndGlobalSection
	GlobalSection(SolutionProperties) = preSolution
		HideSolutionNode = FALSE
	EndGlobalSection
	GlobalSection(ExtensibilityGlobals) = postSolution
		SolutionGuid = {94EDFDF0-3C51-425C-BDC4-654AD33008A8}
	EndGlobalSection
EndGlobal
